
Microsoft Visual Studio Solution File, Format Version 12.00
# Visual Studio Version 17
VisualStudioVersion = 17.5.33530.505
MinimumVisualStudioVersion = 10.0.40219.1
Project("{FAE04EC0-301F-11D3-BF4B-00C04F79EFBC}") = "RobotSimulator", "RobotSimulator\RobotSimulator.csproj", "{A8A2BC82-8E21-4F35-B9FF-529861F0AFF5}"
EndProject
Global
	GlobalSection(SolutionConfigurationPlatforms) = preSolution
		Debug|Any CPU = Debug|Any CPU
		Release|Any CPU = Release|Any CPU
	EndGlobalSection
	GlobalSection(ProjectConfigurationPlatforms) = postSolution
		{A8A2BC82-8E21-4F35-B9FF-529861F0AFF5}.Debug|Any CPU.ActiveCfg = Debug|Any CPU
		{A8A2BC82-8E21-4F35-B9FF-529861F0AFF5}.Debug|Any CPU.Build.0 = Debug|Any CPU
		{A8A2BC82-8E21-4F35-B9FF-529861F0AFF5}.Release|Any CPU.ActiveCfg = Release|Any CPU
		{A8A2BC82-8E21-4F35-B9FF-529861F0AFF5}.Release|Any CPU.Build.0 = Release|Any CPU
	EndGlobalSection
	GlobalSection(SolutionProperties) = preSolution
		HideSolutionNode = FALSE
	EndGlobalSection
	GlobalSection(ExtensibilityGlobals) = postSolution
		SolutionGuid = {32891AF3-8818-458D-9E1A-203F444A04D4}
	EndGlobalSection
EndGlobal
